
Microsoft Visual Studio Solution File, Format Version 12.00
# Visual Studio Version 16
VisualStudioVersion = 16.0.30907.101
MinimumVisualStudioVersion = 10.0.40219.1
Project("{FAE04EC0-301F-11D3-BF4B-00C04F79EFBC}") = "kafeProjem", "kafeProjem\kafeProjem.csproj", "{2EFC5E34-F5D4-47C5-A037-962CF4EA098C}"
EndProject
Global
	GlobalSection(SolutionConfigurationPlatforms) = preSolution
		Debug|Any CPU = Debug|Any CPU
		Release|Any CPU = Release|Any CPU
	EndGlobalSection
	GlobalSection(ProjectConfigurationPlatforms) = postSolution
		{2EFC5E34-F5D4-47C5-A037-962CF4EA098C}.Debug|Any CPU.ActiveCfg = Debug|Any CPU
		{2EFC5E34-F5D4-47C5-A037-962CF4EA098C}.Debug|Any CPU.Build.0 = Debug|Any CPU
		{2EFC5E34-F5D4-47C5-A037-962CF4EA098C}.Release|Any CPU.ActiveCfg = Release|Any CPU
		{2EFC5E34-F5D4-47C5-A037-962CF4EA098C}.Release|Any CPU.Build.0 = Release|Any CPU
	EndGlobalSection
	GlobalSection(SolutionProperties) = preSolution
		HideSolutionNode = FALSE
	EndGlobalSection
	GlobalSection(ExtensibilityGlobals) = postSolution
		SolutionGuid = {E31D956E-F4DC-4FDE-8189-5BFC0098B6AB}
	EndGlobalSection
EndGlobal
